// !$*UTF8*$!
{
	archiveVersion = 1;
	classes = {
	};
	objectVersion = 51;
	objects = {

/* Begin PBXBuildFile section */
		480E910326C12A6B000421A1 /* AppDelegate.swift in Sources */ = {isa = PBXBuildFile; fileRef = 480E910226C12A6B000421A1 /* AppDelegate.swift */; };
		480E910526C12A6B000421A1 /* SceneDelegate.swift in Sources */ = {isa = PBXBuildFile; fileRef = 480E910426C12A6B000421A1 /* SceneDelegate.swift */; };
		480E910C26C12A72000421A1 /* Assets.xcassets in Resources */ = {isa = PBXBuildFile; fileRef = 480E910B26C12A72000421A1 /* Assets.xcassets */; };
		480E910F26C12A72000421A1 /* LaunchScreen.storyboard in Resources */ = {isa = PBXBuildFile; fileRef = 480E910D26C12A72000421A1 /* LaunchScreen.storyboard */; };
		480E911726C13092000421A1 /* AuthViewController.swift in Sources */ = {isa = PBXBuildFile; fileRef = 480E911626C13092000421A1 /* AuthViewController.swift */; };
		480E912026C13E2B000421A1 /* MainViewController.swift in Sources */ = {isa = PBXBuildFile; fileRef = 480E911F26C13E2B000421A1 /* MainViewController.swift */; };
		480E912226C140DA000421A1 /* MainTabBarController.swift in Sources */ = {isa = PBXBuildFile; fileRef = 480E912126C140DA000421A1 /* MainTabBarController.swift */; };
		480E912826C14DDE000421A1 /* PostCollectionViewCell.swift in Sources */ = {isa = PBXBuildFile; fileRef = 480E912726C14DDE000421A1 /* PostCollectionViewCell.swift */; };
		480E912A26C162DE000421A1 /* DetailViewController.swift in Sources */ = {isa = PBXBuildFile; fileRef = 480E912926C162DE000421A1 /* DetailViewController.swift */; };
		480E913326C276DE000421A1 /* WebViewController.swift in Sources */ = {isa = PBXBuildFile; fileRef = 480E913226C276DE000421A1 /* WebViewController.swift */; };
		480E913A26CA5C88000421A1 /* InstagramTestUser.swift in Sources */ = {isa = PBXBuildFile; fileRef = 480E913926CA5C88000421A1 /* InstagramTestUser.swift */; };
		480E913C26CA5CCB000421A1 /* InstagramUserModel.swift in Sources */ = {isa = PBXBuildFile; fileRef = 480E913B26CA5CCB000421A1 /* InstagramUserModel.swift */; };
		480E913E26CA5CE8000421A1 /* FeedModel.swift in Sources */ = {isa = PBXBuildFile; fileRef = 480E913D26CA5CE8000421A1 /* FeedModel.swift */; };
		480E914026CA5D29000421A1 /* MediaDataModel.swift in Sources */ = {isa = PBXBuildFile; fileRef = 480E913F26CA5D29000421A1 /* MediaDataModel.swift */; };
		480E914226CA5D51000421A1 /* PagingDataModel.swift in Sources */ = {isa = PBXBuildFile; fileRef = 480E914126CA5D51000421A1 /* PagingDataModel.swift */; };
		480E914426CA5D7E000421A1 /* CursorDataModel.swift in Sources */ = {isa = PBXBuildFile; fileRef = 480E914326CA5D7E000421A1 /* CursorDataModel.swift */; };
		480E914826CA5DAC000421A1 /* InstagramMediaModel.swift in Sources */ = {isa = PBXBuildFile; fileRef = 480E914726CA5DAC000421A1 /* InstagramMediaModel.swift */; };
		485196CB26CA8B0C00FAC99F /* UILabel + Extension.swift in Sources */ = {isa = PBXBuildFile; fileRef = 485196CA26CA8B0C00FAC99F /* UILabel + Extension.swift */; };
		485196CD26CB8B2300FAC99F /* NetworkService.swift in Sources */ = {isa = PBXBuildFile; fileRef = 485196CC26CB8B2300FAC99F /* NetworkService.swift */; };
		485196CF26CB978400FAC99F /* NetworkDataFetcher.swift in Sources */ = {isa = PBXBuildFile; fileRef = 485196CE26CB978400FAC99F /* NetworkDataFetcher.swift */; };
		485196D126CB9D8500FAC99F /* DataFetcherService.swift in Sources */ = {isa = PBXBuildFile; fileRef = 485196D026CB9D8500FAC99F /* DataFetcherService.swift */; };
		485196D426CBD61000FAC99F /* AuthParam.swift in Sources */ = {isa = PBXBuildFile; fileRef = 485196D326CBD61000FAC99F /* AuthParam.swift */; };
		485196D626CBD7D700FAC99F /* BaseUrl.swift in Sources */ = {isa = PBXBuildFile; fileRef = 485196D526CBD7D700FAC99F /* BaseUrl.swift */; };
		485196D826CBD82100FAC99F /* Methods.swift in Sources */ = {isa = PBXBuildFile; fileRef = 485196D726CBD82100FAC99F /* Methods.swift */; };
		485196DA26CBF3C500FAC99F /* AuthFetcherService.swift in Sources */ = {isa = PBXBuildFile; fileRef = 485196D926CBF3C400FAC99F /* AuthFetcherService.swift */; };
		485196DC26CBFBFA00FAC99F /* Endpoints.swift in Sources */ = {isa = PBXBuildFile; fileRef = 485196DB26CBFBFA00FAC99F /* Endpoints.swift */; };
		489B6C9326D4E5CF00E6D4C2 /* FormatDate.swift in Sources */ = {isa = PBXBuildFile; fileRef = 489B6C9226D4E5CE00E6D4C2 /* FormatDate.swift */; };
		489B6C9926D6176E00E6D4C2 /* ErrorsModel.swift in Sources */ = {isa = PBXBuildFile; fileRef = 489B6C9826D6176E00E6D4C2 /* ErrorsModel.swift */; };
		489B6C9D26DCC73C00E6D4C2 /* MainPresenter.swift in Sources */ = {isa = PBXBuildFile; fileRef = 489B6C9C26DCC73C00E6D4C2 /* MainPresenter.swift */; };
		48B380D326CCDF60002AD749 /* UIViewController + Extension.swift in Sources */ = {isa = PBXBuildFile; fileRef = 48B380D226CCDF60002AD749 /* UIViewController + Extension.swift */; };
		C4E7971419CF33CD06EE72C5 /* Pods_TestQsort.framework in Frameworks */ = {isa = PBXBuildFile; fileRef = 815CB7266722E2B0FB1E09F3 /* Pods_TestQsort.framework */; };
/* End PBXBuildFile section */

/* Begin PBXFileReference section */
		1C4350BEBF08E82B6EC2E60F /* Pods-TestQsort.release.xcconfig */ = {isa = PBXFileReference; includeInIndex = 1; lastKnownFileType = text.xcconfig; name = "Pods-TestQsort.release.xcconfig"; path = "Target Support Files/Pods-TestQsort/Pods-TestQsort.release.xcconfig"; sourceTree = "<group>"; };
		480E90FF26C12A6B000421A1 /* TestQsort.app */ = {isa = PBXFileReference; explicitFileType = wrapper.application; includeInIndex = 0; path = TestQsort.app; sourceTree = BUILT_PRODUCTS_DIR; };
		480E910226C12A6B000421A1 /* AppDelegate.swift */ = {isa = PBXFileReference; lastKnownFileType = sourcecode.swift; path = AppDelegate.swift; sourceTree = "<group>"; };
		480E910426C12A6B000421A1 /* SceneDelegate.swift */ = {isa = PBXFileReference; lastKnownFileType = sourcecode.swift; path = SceneDelegate.swift; sourceTree = "<group>"; };
		480E910B26C12A72000421A1 /* Assets.xcassets */ = {isa = PBXFileReference; lastKnownFileType = folder.assetcatalog; path = Assets.xcassets; sourceTree = "<group>"; };
		480E910E26C12A72000421A1 /* Base */ = {isa = PBXFileReference; lastKnownFileType = file.storyboard; name = Base; path = Base.lproj/LaunchScreen.storyboard; sourceTree = "<group>"; };
		480E911026C12A72000421A1 /* Info.plist */ = {isa = PBXFileReference; lastKnownFileType = text.plist.xml; path = Info.plist; sourceTree = "<group>"; };
		480E911626C13092000421A1 /* AuthViewController.swift */ = {isa = PBXFileReference; lastKnownFileType = sourcecode.swift; path = AuthViewController.swift; sourceTree = "<group>"; };
		480E911F26C13E2B000421A1 /* MainViewController.swift */ = {isa = PBXFileReference; lastKnownFileType = sourcecode.swift; path = MainViewController.swift; sourceTree = "<group>"; };
		480E912126C140DA000421A1 /* MainTabBarController.swift */ = {isa = PBXFileReference; lastKnownFileType = sourcecode.swift; path = MainTabBarController.swift; sourceTree = "<group>"; };
		480E912726C14DDE000421A1 /* PostCollectionViewCell.swift */ = {isa = PBXFileReference; lastKnownFileType = sourcecode.swift; path = PostCollectionViewCell.swift; sourceTree = "<group>"; };
		480E912926C162DE000421A1 /* DetailViewController.swift */ = {isa = PBXFileReference; lastKnownFileType = sourcecode.swift; path = DetailViewController.swift; sourceTree = "<group>"; };
		480E913226C276DE000421A1 /* WebViewController.swift */ = {isa = PBXFileReference; lastKnownFileType = sourcecode.swift; path = WebViewController.swift; sourceTree = "<group>"; };
		480E913926CA5C88000421A1 /* InstagramTestUser.swift */ = {isa = PBXFileReference; lastKnownFileType = sourcecode.swift; path = InstagramTestUser.swift; sourceTree = "<group>"; };
		480E913B26CA5CCB000421A1 /* InstagramUserModel.swift */ = {isa = PBXFileReference; lastKnownFileType = sourcecode.swift; path = InstagramUserModel.swift; sourceTree = "<group>"; };
		480E913D26CA5CE8000421A1 /* FeedModel.swift */ = {isa = PBXFileReference; lastKnownFileType = sourcecode.swift; path = FeedModel.swift; sourceTree = "<group>"; };
		480E913F26CA5D29000421A1 /* MediaDataModel.swift */ = {isa = PBXFileReference; lastKnownFileType = sourcecode.swift; path = MediaDataModel.swift; sourceTree = "<group>"; };
		480E914126CA5D51000421A1 /* PagingDataModel.swift */ = {isa = PBXFileReference; lastKnownFileType = sourcecode.swift; path = PagingDataModel.swift; sourceTree = "<group>"; };
		480E914326CA5D7E000421A1 /* CursorDataModel.swift */ = {isa = PBXFileReference; lastKnownFileType = sourcecode.swift; path = CursorDataModel.swift; sourceTree = "<group>"; };
		480E914726CA5DAC000421A1 /* InstagramMediaModel.swift */ = {isa = PBXFileReference; lastKnownFileType = sourcecode.swift; path = InstagramMediaModel.swift; sourceTree = "<group>"; };
		485196CA26CA8B0C00FAC99F /* UILabel + Extension.swift */ = {isa = PBXFileReference; lastKnownFileType = sourcecode.swift; path = "UILabel + Extension.swift"; sourceTree = "<group>"; };
		485196CC26CB8B2300FAC99F /* NetworkService.swift */ = {isa = PBXFileReference; lastKnownFileType = sourcecode.swift; path = NetworkService.swift; sourceTree = "<group>"; };
		485196CE26CB978400FAC99F /* NetworkDataFetcher.swift */ = {isa = PBXFileReference; lastKnownFileType = sourcecode.swift; path = NetworkDataFetcher.swift; sourceTree = "<group>"; };
		485196D026CB9D8500FAC99F /* DataFetcherService.swift */ = {isa = PBXFileReference; lastKnownFileType = sourcecode.swift; path = DataFetcherService.swift; sourceTree = "<group>"; };
		485196D326CBD61000FAC99F /* AuthParam.swift */ = {isa = PBXFileReference; lastKnownFileType = sourcecode.swift; path = AuthParam.swift; sourceTree = "<group>"; };
		485196D526CBD7D700FAC99F /* BaseUrl.swift */ = {isa = PBXFileReference; lastKnownFileType = sourcecode.swift; path = BaseUrl.swift; sourceTree = "<group>"; };
		485196D726CBD82100FAC99F /* Methods.swift */ = {isa = PBXFileReference; lastKnownFileType = sourcecode.swift; path = Methods.swift; sourceTree = "<group>"; };
		485196D926CBF3C400FAC99F /* AuthFetcherService.swift */ = {isa = PBXFileReference; lastKnownFileType = sourcecode.swift; path = AuthFetcherService.swift; sourceTree = "<group>"; };
		485196DB26CBFBFA00FAC99F /* Endpoints.swift */ = {isa = PBXFileReference; lastKnownFileType = sourcecode.swift; path = Endpoints.swift; sourceTree = "<group>"; };
		489B6C9226D4E5CE00E6D4C2 /* FormatDate.swift */ = {isa = PBXFileReference; lastKnownFileType = sourcecode.swift; path = FormatDate.swift; sourceTree = "<group>"; };
		489B6C9826D6176E00E6D4C2 /* ErrorsModel.swift */ = {isa = PBXFileReference; lastKnownFileType = sourcecode.swift; path = ErrorsModel.swift; sourceTree = "<group>"; };
		489B6C9C26DCC73C00E6D4C2 /* MainPresenter.swift */ = {isa = PBXFileReference; lastKnownFileType = sourcecode.swift; path = MainPresenter.swift; sourceTree = "<group>"; };
		48B380D226CCDF60002AD749 /* UIViewController + Extension.swift */ = {isa = PBXFileReference; lastKnownFileType = sourcecode.swift; path = "UIViewController + Extension.swift"; sourceTree = "<group>"; };
		815CB7266722E2B0FB1E09F3 /* Pods_TestQsort.framework */ = {isa = PBXFileReference; explicitFileType = wrapper.framework; includeInIndex = 0; path = Pods_TestQsort.framework; sourceTree = BUILT_PRODUCTS_DIR; };
		83D801BA479D0CF4FBA4B5BC /* Pods-TestQsort.debug.xcconfig */ = {isa = PBXFileReference; includeInIndex = 1; lastKnownFileType = text.xcconfig; name = "Pods-TestQsort.debug.xcconfig"; path = "Target Support Files/Pods-TestQsort/Pods-TestQsort.debug.xcconfig"; sourceTree = "<group>"; };
/* End PBXFileReference section */

/* Begin PBXFrameworksBuildPhase section */
		480E90FC26C12A6B000421A1 /* Frameworks */ = {
			isa = PBXFrameworksBuildPhase;
			buildActionMask = 2147483647;
			files = (
				C4E7971419CF33CD06EE72C5 /* Pods_TestQsort.framework in Frameworks */,
			);
			runOnlyForDeploymentPostprocessing = 0;
		};
/* End PBXFrameworksBuildPhase section */

/* Begin PBXGroup section */
		39E24393810ACF8B32AD75C9 /* Pods */ = {
			isa = PBXGroup;
			children = (
				83D801BA479D0CF4FBA4B5BC /* Pods-TestQsort.debug.xcconfig */,
				1C4350BEBF08E82B6EC2E60F /* Pods-TestQsort.release.xcconfig */,
			);
			path = Pods;
			sourceTree = "<group>";
		};
		480E90F626C12A6B000421A1 = {
			isa = PBXGroup;
			children = (
				480E910126C12A6B000421A1 /* TestQsort */,
				480E910026C12A6B000421A1 /* Products */,
				39E24393810ACF8B32AD75C9 /* Pods */,
				EA8AAA731079ECDAE83AB632 /* Frameworks */,
			);
			sourceTree = "<group>";
		};
		480E910026C12A6B000421A1 /* Products */ = {
			isa = PBXGroup;
			children = (
				480E90FF26C12A6B000421A1 /* TestQsort.app */,
			);
			name = Products;
			sourceTree = "<group>";
		};
		480E910126C12A6B000421A1 /* TestQsort */ = {
			isa = PBXGroup;
			children = (
				480E910226C12A6B000421A1 /* AppDelegate.swift */,
				480E910426C12A6B000421A1 /* SceneDelegate.swift */,
				480E913826CA5989000421A1 /* Models  */,
				480E912C26C26837000421A1 /* Service */,
				480E911926C1356B000421A1 /* Extension */,
				480E911826C13399000421A1 /* Controllers */,
				480E910B26C12A72000421A1 /* Assets.xcassets */,
				480E910D26C12A72000421A1 /* LaunchScreen.storyboard */,
				480E911026C12A72000421A1 /* Info.plist */,
			);
			path = TestQsort;
			sourceTree = "<group>";
		};
		480E911826C13399000421A1 /* Controllers */ = {
			isa = PBXGroup;
			children = (
				480E913126C276B4000421A1 /* Web */,
				480E912B26C16445000421A1 /* Detail */,
				480E912526C14D96000421A1 /* TabBar */,
				480E912426C14D86000421A1 /* Main */,
				480E912326C14D7B000421A1 /* Auth */,
			);
			path = Controllers;
			sourceTree = "<group>";
		};
		480E911926C1356B000421A1 /* Extension */ = {
			isa = PBXGroup;
			children = (
				485196CA26CA8B0C00FAC99F /* UILabel + Extension.swift */,
				48B380D226CCDF60002AD749 /* UIViewController + Extension.swift */,
				489B6C9226D4E5CE00E6D4C2 /* FormatDate.swift */,
			);
			path = Extension;
			sourceTree = "<group>";
		};
		480E912326C14D7B000421A1 /* Auth */ = {
			isa = PBXGroup;
			children = (
				480E911626C13092000421A1 /* AuthViewController.swift */,
			);
			path = Auth;
			sourceTree = "<group>";
		};
		480E912426C14D86000421A1 /* Main */ = {
			isa = PBXGroup;
			children = (
				489B6C9B26DCC71F00E6D4C2 /* Managers */,
				48891BC226DF83CF000549F6 /* Controller */,
				480E912626C14DBF000421A1 /* Cell */,
			);
			path = Main;
			sourceTree = "<group>";
		};
		480E912526C14D96000421A1 /* TabBar */ = {
			isa = PBXGroup;
			children = (
				480E912126C140DA000421A1 /* MainTabBarController.swift */,
			);
			path = TabBar;
			sourceTree = "<group>";
		};
		480E912626C14DBF000421A1 /* Cell */ = {
			isa = PBXGroup;
			children = (
				480E912726C14DDE000421A1 /* PostCollectionViewCell.swift */,
			);
			path = Cell;
			sourceTree = "<group>";
		};
		480E912B26C16445000421A1 /* Detail */ = {
			isa = PBXGroup;
			children = (
				480E912926C162DE000421A1 /* DetailViewController.swift */,
			);
			path = Detail;
			sourceTree = "<group>";
		};
		480E912C26C26837000421A1 /* Service */ = {
			isa = PBXGroup;
			children = (
				485196D226CBD0B300FAC99F /* Enums */,
				485196CC26CB8B2300FAC99F /* NetworkService.swift */,
				485196CE26CB978400FAC99F /* NetworkDataFetcher.swift */,
				485196D926CBF3C400FAC99F /* AuthFetcherService.swift */,
				485196D026CB9D8500FAC99F /* DataFetcherService.swift */,
			);
			path = Service;
			sourceTree = "<group>";
		};
		480E913126C276B4000421A1 /* Web */ = {
			isa = PBXGroup;
			children = (
				480E913226C276DE000421A1 /* WebViewController.swift */,
			);
			path = Web;
			sourceTree = "<group>";
		};
		480E913826CA5989000421A1 /* Models  */ = {
			isa = PBXGroup;
			children = (
				480E913926CA5C88000421A1 /* InstagramTestUser.swift */,
				480E913B26CA5CCB000421A1 /* InstagramUserModel.swift */,
				480E913D26CA5CE8000421A1 /* FeedModel.swift */,
				480E913F26CA5D29000421A1 /* MediaDataModel.swift */,
				480E914126CA5D51000421A1 /* PagingDataModel.swift */,
				480E914326CA5D7E000421A1 /* CursorDataModel.swift */,
				480E914726CA5DAC000421A1 /* InstagramMediaModel.swift */,
				489B6C9826D6176E00E6D4C2 /* ErrorsModel.swift */,
			);
			path = "Models ";
			sourceTree = "<group>";
		};
		485196D226CBD0B300FAC99F /* Enums */ = {
			isa = PBXGroup;
			children = (
				485196D326CBD61000FAC99F /* AuthParam.swift */,
				485196D526CBD7D700FAC99F /* BaseUrl.swift */,
				485196D726CBD82100FAC99F /* Methods.swift */,
				485196DB26CBFBFA00FAC99F /* Endpoints.swift */,
			);
			path = Enums;
			sourceTree = "<group>";
		};
		48891BC226DF83CF000549F6 /* Controller */ = {
			isa = PBXGroup;
			children = (
				480E911F26C13E2B000421A1 /* MainViewController.swift */,
			);
			path = Controller;
			sourceTree = "<group>";
		};
		489B6C9B26DCC71F00E6D4C2 /* Managers */ = {
			isa = PBXGroup;
			children = (
				489B6C9C26DCC73C00E6D4C2 /* MainPresenter.swift */,
			);
			path = Managers;
			sourceTree = "<group>";
		};
		EA8AAA731079ECDAE83AB632 /* Frameworks */ = {
			isa = PBXGroup;
			children = (
				815CB7266722E2B0FB1E09F3 /* Pods_TestQsort.framework */,
			);
			name = Frameworks;
			sourceTree = "<group>";
		};
/* End PBXGroup section */

/* Begin PBXNativeTarget section */
		480E90FE26C12A6B000421A1 /* TestQsort */ = {
			isa = PBXNativeTarget;
			buildConfigurationList = 480E911326C12A72000421A1 /* Build configuration list for PBXNativeTarget "TestQsort" */;
			buildPhases = (
				24CFC251884B180AFF13AAD9 /* [CP] Check Pods Manifest.lock */,
				480E90FB26C12A6B000421A1 /* Sources */,
				480E90FC26C12A6B000421A1 /* Frameworks */,
				480E90FD26C12A6B000421A1 /* Resources */,
				F499983716A5DF1004B10167 /* [CP] Embed Pods Frameworks */,
			);
			buildRules = (
			);
			dependencies = (
			);
			name = TestQsort;
			productName = TestQsort;
			productReference = 480E90FF26C12A6B000421A1 /* TestQsort.app */;
			productType = "com.apple.product-type.application";
		};
/* End PBXNativeTarget section */

/* Begin PBXProject section */
		480E90F726C12A6B000421A1 /* Project object */ = {
			isa = PBXProject;
			attributes = {
				LastSwiftUpdateCheck = 1250;
				LastUpgradeCheck = 1250;
				TargetAttributes = {
					480E90FE26C12A6B000421A1 = {
						CreatedOnToolsVersion = 12.5.1;
					};
				};
			};
			buildConfigurationList = 480E90FA26C12A6B000421A1 /* Build configuration list for PBXProject "TestQsort" */;
			compatibilityVersion = "Xcode 9.3";
			developmentRegion = en;
			hasScannedForEncodings = 0;
			knownRegions = (
				en,
				Base,
			);
			mainGroup = 480E90F626C12A6B000421A1;
			productRefGroup = 480E910026C12A6B000421A1 /* Products */;
			projectDirPath = "";
			projectRoot = "";
			targets = (
				480E90FE26C12A6B000421A1 /* TestQsort */,
			);
		};
/* End PBXProject section */

/* Begin PBXResourcesBuildPhase section */
		480E90FD26C12A6B000421A1 /* Resources */ = {
			isa = PBXResourcesBuildPhase;
			buildActionMask = 2147483647;
			files = (
				480E910F26C12A72000421A1 /* LaunchScreen.storyboard in Resources */,
				480E910C26C12A72000421A1 /* Assets.xcassets in Resources */,
			);
			runOnlyForDeploymentPostprocessing = 0;
		};
/* End PBXResourcesBuildPhase section */

/* Begin PBXShellScriptBuildPhase section */
		24CFC251884B180AFF13AAD9 /* [CP] Check Pods Manifest.lock */ = {
			isa = PBXShellScriptBuildPhase;
			buildActionMask = 2147483647;
			files = (
			);
			inputFileListPaths = (
			);
			inputPaths = (
				"${PODS_PODFILE_DIR_PATH}/Podfile.lock",
				"${PODS_ROOT}/Manifest.lock",
			);
			name = "[CP] Check Pods Manifest.lock";
			outputFileListPaths = (
			);
			outputPaths = (
				"$(DERIVED_FILE_DIR)/Pods-TestQsort-checkManifestLockResult.txt",
			);
			runOnlyForDeploymentPostprocessing = 0;
			shellPath = /bin/sh;
			shellScript = "diff \"${PODS_PODFILE_DIR_PATH}/Podfile.lock\" \"${PODS_ROOT}/Manifest.lock\" > /dev/null\nif [ $? != 0 ] ; then\n    # print error to STDERR\n    echo \"error: The sandbox is not in sync with the Podfile.lock. Run 'pod install' or update your CocoaPods installation.\" >&2\n    exit 1\nfi\n# This output is used by Xcode 'outputs' to avoid re-running this script phase.\necho \"SUCCESS\" > \"${SCRIPT_OUTPUT_FILE_0}\"\n";
			showEnvVarsInLog = 0;
		};
		F499983716A5DF1004B10167 /* [CP] Embed Pods Frameworks */ = {
			isa = PBXShellScriptBuildPhase;
			buildActionMask = 2147483647;
			files = (
			);
			inputFileListPaths = (
				"${PODS_ROOT}/Target Support Files/Pods-TestQsort/Pods-TestQsort-frameworks-${CONFIGURATION}-input-files.xcfilelist",
			);
			name = "[CP] Embed Pods Frameworks";
			outputFileListPaths = (
				"${PODS_ROOT}/Target Support Files/Pods-TestQsort/Pods-TestQsort-frameworks-${CONFIGURATION}-output-files.xcfilelist",
			);
			runOnlyForDeploymentPostprocessing = 0;
			shellPath = /bin/sh;
			shellScript = "\"${PODS_ROOT}/Target Support Files/Pods-TestQsort/Pods-TestQsort-frameworks.sh\"\n";
			showEnvVarsInLog = 0;
		};
/* End PBXShellScriptBuildPhase section */

/* Begin PBXSourcesBuildPhase section */
		480E90FB26C12A6B000421A1 /* Sources */ = {
			isa = PBXSourcesBuildPhase;
			buildActionMask = 2147483647;
			files = (
				480E912A26C162DE000421A1 /* DetailViewController.swift in Sources */,
				485196DA26CBF3C500FAC99F /* AuthFetcherService.swift in Sources */,
				485196D626CBD7D700FAC99F /* BaseUrl.swift in Sources */,
				480E914226CA5D51000421A1 /* PagingDataModel.swift in Sources */,
				480E911726C13092000421A1 /* AuthViewController.swift in Sources */,
				480E910326C12A6B000421A1 /* AppDelegate.swift in Sources */,
				485196CF26CB978400FAC99F /* NetworkDataFetcher.swift in Sources */,
				480E913A26CA5C88000421A1 /* InstagramTestUser.swift in Sources */,
				480E912826C14DDE000421A1 /* PostCollectionViewCell.swift in Sources */,
				485196D826CBD82100FAC99F /* Methods.swift in Sources */,
				485196CB26CA8B0C00FAC99F /* UILabel + Extension.swift in Sources */,
				485196D126CB9D8500FAC99F /* DataFetcherService.swift in Sources */,
				480E914026CA5D29000421A1 /* MediaDataModel.swift in Sources */,
				480E913326C276DE000421A1 /* WebViewController.swift in Sources */,
				489B6C9926D6176E00E6D4C2 /* ErrorsModel.swift in Sources */,
				480E912226C140DA000421A1 /* MainTabBarController.swift in Sources */,
				485196DC26CBFBFA00FAC99F /* Endpoints.swift in Sources */,
				489B6C9326D4E5CF00E6D4C2 /* FormatDate.swift in Sources */,
				480E912026C13E2B000421A1 /* MainViewController.swift in Sources */,
				480E910526C12A6B000421A1 /* SceneDelegate.swift in Sources */,
				480E914426CA5D7E000421A1 /* CursorDataModel.swift in Sources */,
				480E914826CA5DAC000421A1 /* InstagramMediaModel.swift in Sources */,
				485196CD26CB8B2300FAC99F /* NetworkService.swift in Sources */,
				485196D426CBD61000FAC99F /* AuthParam.swift in Sources */,
				480E913E26CA5CE8000421A1 /* FeedModel.swift in Sources */,
				489B6C9D26DCC73C00E6D4C2 /* MainPresenter.swift in Sources */,
				48B380D326CCDF60002AD749 /* UIViewController + Extension.swift in Sources */,
				480E913C26CA5CCB000421A1 /* InstagramUserModel.swift in Sources */,
			);
			runOnlyForDeploymentPostprocessing = 0;
		};
/* End PBXSourcesBuildPhase section */

/* Begin PBXVariantGroup section */
		480E910D26C12A72000421A1 /* LaunchScreen.storyboard */ = {
			isa = PBXVariantGroup;
			children = (
				480E910E26C12A72000421A1 /* Base */,
			);
			name = LaunchScreen.storyboard;
			sourceTree = "<group>";
		};
/* End PBXVariantGroup section */

/* Begin XCBuildConfiguration section */
		480E911126C12A72000421A1 /* Debug */ = {
			isa = XCBuildConfiguration;
			buildSettings = {
				ALWAYS_SEARCH_USER_PATHS = NO;
				CLANG_ANALYZER_NONNULL = YES;
				CLANG_ANALYZER_NUMBER_OBJECT_CONVERSION = YES_AGGRESSIVE;
				CLANG_CXX_LANGUAGE_STANDARD = "gnu++14";
				CLANG_CXX_LIBRARY = "libc++";
				CLANG_ENABLE_MODULES = YES;
				CLANG_ENABLE_OBJC_ARC = YES;
				CLANG_ENABLE_OBJC_WEAK = YES;
				CLANG_WARN_BLOCK_CAPTURE_AUTORELEASING = YES;
				CLANG_WARN_BOOL_CONVERSION = YES;
				CLANG_WARN_COMMA = YES;
				CLANG_WARN_CONSTANT_CONVERSION = YES;
				CLANG_WARN_DEPRECATED_OBJC_IMPLEMENTATIONS = YES;
				CLANG_WARN_DIRECT_OBJC_ISA_USAGE = YES_ERROR;
				CLANG_WARN_DOCUMENTATION_COMMENTS = YES;
				CLANG_WARN_EMPTY_BODY = YES;
				CLANG_WARN_ENUM_CONVERSION = YES;
				CLANG_WARN_INFINITE_RECURSION = YES;
				CLANG_WARN_INT_CONVERSION = YES;
				CLANG_WARN_NON_LITERAL_NULL_CONVERSION = YES;
				CLANG_WARN_OBJC_IMPLICIT_RETAIN_SELF = YES;
				CLANG_WARN_OBJC_LITERAL_CONVERSION = YES;
				CLANG_WARN_OBJC_ROOT_CLASS = YES_ERROR;
				CLANG_WARN_QUOTED_INCLUDE_IN_FRAMEWORK_HEADER = YES;
				CLANG_WARN_RANGE_LOOP_ANALYSIS = YES;
				CLANG_WARN_STRICT_PROTOTYPES = YES;
				CLANG_WARN_SUSPICIOUS_MOVE = YES;
				CLANG_WARN_UNGUARDED_AVAILABILITY = YES_AGGRESSIVE;
				CLANG_WARN_UNREACHABLE_CODE = YES;
				CLANG_WARN__DUPLICATE_METHOD_MATCH = YES;
				COPY_PHASE_STRIP = NO;
				DEBUG_INFORMATION_FORMAT = dwarf;
				ENABLE_STRICT_OBJC_MSGSEND = YES;
				ENABLE_TESTABILITY = YES;
				GCC_C_LANGUAGE_STANDARD = gnu11;
				GCC_DYNAMIC_NO_PIC = NO;
				GCC_NO_COMMON_BLOCKS = YES;
				GCC_OPTIMIZATION_LEVEL = 0;
				GCC_PREPROCESSOR_DEFINITIONS = (
					"DEBUG=1",
					"$(inherited)",
				);
				GCC_WARN_64_TO_32_BIT_CONVERSION = YES;
				GCC_WARN_ABOUT_RETURN_TYPE = YES_ERROR;
				GCC_WARN_UNDECLARED_SELECTOR = YES;
				GCC_WARN_UNINITIALIZED_AUTOS = YES_AGGRESSIVE;
				GCC_WARN_UNUSED_FUNCTION = YES;
				GCC_WARN_UNUSED_VARIABLE = YES;
				IPHONEOS_DEPLOYMENT_TARGET = 14.5;
				MTL_ENABLE_DEBUG_INFO = INCLUDE_SOURCE;
				MTL_FAST_MATH = YES;
				ONLY_ACTIVE_ARCH = YES;
				SDKROOT = iphoneos;
				SWIFT_ACTIVE_COMPILATION_CONDITIONS = DEBUG;
				SWIFT_OPTIMIZATION_LEVEL = "-Onone";
			};
			name = Debug;
		};
		480E911226C12A72000421A1 /* Release */ = {
			isa = XCBuildConfiguration;
			buildSettings = {
				ALWAYS_SEARCH_USER_PATHS = NO;
				CLANG_ANALYZER_NONNULL = YES;
				CLANG_ANALYZER_NUMBER_OBJECT_CONVERSION = YES_AGGRESSIVE;
				CLANG_CXX_LANGUAGE_STANDARD = "gnu++14";
				CLANG_CXX_LIBRARY = "libc++";
				CLANG_ENABLE_MODULES = YES;
				CLANG_ENABLE_OBJC_ARC = YES;
				CLANG_ENABLE_OBJC_WEAK = YES;
				CLANG_WARN_BLOCK_CAPTURE_AUTORELEASING = YES;
				CLANG_WARN_BOOL_CONVERSION = YES;
				CLANG_WARN_COMMA = YES;
				CLANG_WARN_CONSTANT_CONVERSION = YES;
				CLANG_WARN_DEPRECATED_OBJC_IMPLEMENTATIONS = YES;
				CLANG_WARN_DIRECT_OBJC_ISA_USAGE = YES_ERROR;
				CLANG_WARN_DOCUMENTATION_COMMENTS = YES;
				CLANG_WARN_EMPTY_BODY = YES;
				CLANG_WARN_ENUM_CONVERSION = YES;
				CLANG_WARN_INFINITE_RECURSION = YES;
				CLANG_WARN_INT_CONVERSION = YES;
				CLANG_WARN_NON_LITERAL_NULL_CONVERSION = YES;
				CLANG_WARN_OBJC_IMPLICIT_RETAIN_SELF = YES;
				CLANG_WARN_OBJC_LITERAL_CONVERSION = YES;
				CLANG_WARN_OBJC_ROOT_CLASS = YES_ERROR;
				CLANG_WARN_QUOTED_INCLUDE_IN_FRAMEWORK_HEADER = YES;
				CLANG_WARN_RANGE_LOOP_ANALYSIS = YES;
				CLANG_WARN_STRICT_PROTOTYPES = YES;
				CLANG_WARN_SUSPICIOUS_MOVE = YES;
				CLANG_WARN_UNGUARDED_AVAILABILITY = YES_AGGRESSIVE;
				CLANG_WARN_UNREACHABLE_CODE = YES;
				CLANG_WARN__DUPLICATE_METHOD_MATCH = YES;
				COPY_PHASE_STRIP = NO;
				DEBUG_INFORMATION_FORMAT = "dwarf-with-dsym";
				ENABLE_NS_ASSERTIONS = NO;
				ENABLE_STRICT_OBJC_MSGSEND = YES;
				GCC_C_LANGUAGE_STANDARD = gnu11;
				GCC_NO_COMMON_BLOCKS = YES;
				GCC_WARN_64_TO_32_BIT_CONVERSION = YES;
				GCC_WARN_ABOUT_RETURN_TYPE = YES_ERROR;
				GCC_WARN_UNDECLARED_SELECTOR = YES;
				GCC_WARN_UNINITIALIZED_AUTOS = YES_AGGRESSIVE;
				GCC_WARN_UNUSED_FUNCTION = YES;
				GCC_WARN_UNUSED_VARIABLE = YES;
				IPHONEOS_DEPLOYMENT_TARGET = 14.5;
				MTL_ENABLE_DEBUG_INFO = NO;
				MTL_FAST_MATH = YES;
				SDKROOT = iphoneos;
				SWIFT_COMPILATION_MODE = wholemodule;
				SWIFT_OPTIMIZATION_LEVEL = "-O";
				VALIDATE_PRODUCT = YES;
			};
			name = Release;
		};
		480E911426C12A72000421A1 /* Debug */ = {
			isa = XCBuildConfiguration;
			baseConfigurationReference = 83D801BA479D0CF4FBA4B5BC /* Pods-TestQsort.debug.xcconfig */;
			buildSettings = {
				ASSETCATALOG_COMPILER_APPICON_NAME = AppIcon;
				ASSETCATALOG_COMPILER_GLOBAL_ACCENT_COLOR_NAME = AccentColor;
				CODE_SIGN_STYLE = Automatic;
				DEVELOPMENT_TEAM = Q9FWQQX8HD;
				INFOPLIST_FILE = TestQsort/Info.plist;
				LD_RUNPATH_SEARCH_PATHS = (
					"$(inherited)",
					"@executable_path/Frameworks",
				);
				PRODUCT_BUNDLE_IDENTIFIER = com.apress.TestQsort;
				PRODUCT_NAME = "$(TARGET_NAME)";
				SWIFT_VERSION = 5.0;
				TARGETED_DEVICE_FAMILY = "1,2";
			};
			name = Debug;
		};
		480E911526C12A72000421A1 /* Release */ = {
			isa = XCBuildConfiguration;
			baseConfigurationReference = 1C4350BEBF08E82B6EC2E60F /* Pods-TestQsort.release.xcconfig */;
			buildSettings = {
				ASSETCATALOG_COMPILER_APPICON_NAME = AppIcon;
				ASSETCATALOG_COMPILER_GLOBAL_ACCENT_COLOR_NAME = AccentColor;
				CODE_SIGN_STYLE = Automatic;
				DEVELOPMENT_TEAM = Q9FWQQX8HD;
				INFOPLIST_FILE = TestQsort/Info.plist;
				LD_RUNPATH_SEARCH_PATHS = (
					"$(inherited)",
					"@executable_path/Frameworks",
				);
				PRODUCT_BUNDLE_IDENTIFIER = com.apress.TestQsort;
				PRODUCT_NAME = "$(TARGET_NAME)";
				SWIFT_VERSION = 5.0;
				TARGETED_DEVICE_FAMILY = "1,2";
			};
			name = Release;
		};
/* End XCBuildConfiguration section */

/* Begin XCConfigurationList section */
		480E90FA26C12A6B000421A1 /* Build configuration list for PBXProject "TestQsort" */ = {
			isa = XCConfigurationList;
			buildConfigurations = (
				480E911126C12A72000421A1 /* Debug */,
				480E911226C12A72000421A1 /* Release */,
			);
			defaultConfigurationIsVisible = 0;
			defaultConfigurationName = Release;
		};
		480E911326C12A72000421A1 /* Build configuration list for PBXNativeTarget "TestQsort" */ = {
			isa = XCConfigurationList;
			buildConfigurations = (
				480E911426C12A72000421A1 /* Debug */,
				480E911526C12A72000421A1 /* Release */,
			);
			defaultConfigurationIsVisible = 0;
			defaultConfigurationName = Release;
		};
/* End XCConfigurationList section */
	};
	rootObject = 480E90F726C12A6B000421A1 /* Project object */;
}
